
Microsoft Visual Studio Solution File, Format Version 12.00
# Visual Studio 15
VisualStudioVersion = 15.0.28010.2036
MinimumVisualStudioVersion = 10.0.40219.1
Project("{8BC9CEB8-8B4A-11D0-8D11-00A0C91BC942}") = "ALGraph", "ALGraph\ALGraph.vcxproj", "{F6AA94FA-3A89-46C1-9D28-2EEE9506B1A7}"
EndProject
Global
	GlobalSection(SolutionConfigurationPlatforms) = preSolution
		Debug|x64 = Debug|x64
		Debug|x86 = Debug|x86
		Release|x64 = Release|x64
		Release|x86 = Release|x86
	EndGlobalSection
	GlobalSection(ProjectConfigurationPlatforms) = postSolution
		{F6AA94FA-3A89-46C1-9D28-2EEE9506B1A7}.Debug|x64.ActiveCfg = Debug|x64
		{F6AA94FA-3A89-46C1-9D28-2EEE9506B1A7}.Debug|x64.Build.0 = Debug|x64
		{F6AA94FA-3A89-46C1-9D28-2EEE9506B1A7}.Debug|x86.ActiveCfg = Debug|Win32
		{F6AA94FA-3A89-46C1-9D28-2EEE9506B1A7}.Debug|x86.Build.0 = Debug|Win32
		{F6AA94FA-3A89-46C1-9D28-2EEE9506B1A7}.Release|x64.ActiveCfg = Release|x64
		{F6AA94FA-3A89-46C1-9D28-2EEE9506B1A7}.Release|x64.Build.0 = Release|x64
		{F6AA94FA-3A89-46C1-9D28-2EEE9506B1A7}.Release|x86.ActiveCfg = Release|Win32
		{F6AA94FA-3A89-46C1-9D28-2EEE9506B1A7}.Release|x86.Build.0 = Release|Win32
	EndGlobalSection
	GlobalSection(SolutionProperties) = preSolution
		HideSolutionNode = FALSE
	EndGlobalSection
	GlobalSection(ExtensibilityGlobals) = postSolution
		SolutionGuid = {50E8C4CC-B449-4406-B70A-2B3951B41F29}
	EndGlobalSection
EndGlobal
